// !$*UTF8*$!
{
	archiveVersion = 1;
	classes = {
	};
	objectVersion = 56;
	objects = {

/* Begin PBXBuildFile section */
		CB8B7E38D7465A3D2FAE5BAE /* Pods_People.framework in Frameworks */ = {isa = PBXBuildFile; fileRef = D62448212D88A6BFEC22D91F /* Pods_People.framework */; };
		EC9660792883FEF5000BD96D /* InfoScreenViewController.swift in Sources */ = {isa = PBXBuildFile; fileRef = EC9660782883FEF5000BD96D /* InfoScreenViewController.swift */; };
		ECBFC69F28816710003D0B3D /* PersonUICollectionViewCell.swift in Sources */ = {isa = PBXBuildFile; fileRef = ECBFC69E28816710003D0B3D /* PersonUICollectionViewCell.swift */; };
		ECCF703B2881A6110022CBB4 /* Person.swift in Sources */ = {isa = PBXBuildFile; fileRef = ECCF703A2881A6110022CBB4 /* Person.swift */; };
		ECEB121B28815A9900063FDB /* AppDelegate.swift in Sources */ = {isa = PBXBuildFile; fileRef = ECEB121A28815A9900063FDB /* AppDelegate.swift */; };
		ECEB121D28815A9900063FDB /* SceneDelegate.swift in Sources */ = {isa = PBXBuildFile; fileRef = ECEB121C28815A9900063FDB /* SceneDelegate.swift */; };
		ECEB121F28815A9900063FDB /* ViewController.swift in Sources */ = {isa = PBXBuildFile; fileRef = ECEB121E28815A9900063FDB /* ViewController.swift */; };
		ECEB122228815A9900063FDB /* Main.storyboard in Resources */ = {isa = PBXBuildFile; fileRef = ECEB122028815A9900063FDB /* Main.storyboard */; };
		ECEB122428815A9E00063FDB /* Assets.xcassets in Resources */ = {isa = PBXBuildFile; fileRef = ECEB122328815A9E00063FDB /* Assets.xcassets */; };
		ECEB122728815A9E00063FDB /* LaunchScreen.storyboard in Resources */ = {isa = PBXBuildFile; fileRef = ECEB122528815A9E00063FDB /* LaunchScreen.storyboard */; };
/* End PBXBuildFile section */

/* Begin PBXFileReference section */
		1C974EE1D8F7DDEB318943CB /* Pods-People.debug.xcconfig */ = {isa = PBXFileReference; includeInIndex = 1; lastKnownFileType = text.xcconfig; name = "Pods-People.debug.xcconfig"; path = "Target Support Files/Pods-People/Pods-People.debug.xcconfig"; sourceTree = "<group>"; };
		4EA8E22B65B3C23DB70C1165 /* Pods-People.release.xcconfig */ = {isa = PBXFileReference; includeInIndex = 1; lastKnownFileType = text.xcconfig; name = "Pods-People.release.xcconfig"; path = "Target Support Files/Pods-People/Pods-People.release.xcconfig"; sourceTree = "<group>"; };
		D62448212D88A6BFEC22D91F /* Pods_People.framework */ = {isa = PBXFileReference; explicitFileType = wrapper.framework; includeInIndex = 0; path = Pods_People.framework; sourceTree = BUILT_PRODUCTS_DIR; };
		EC9660782883FEF5000BD96D /* InfoScreenViewController.swift */ = {isa = PBXFileReference; lastKnownFileType = sourcecode.swift; path = InfoScreenViewController.swift; sourceTree = "<group>"; };
		ECBFC69E28816710003D0B3D /* PersonUICollectionViewCell.swift */ = {isa = PBXFileReference; lastKnownFileType = sourcecode.swift; path = PersonUICollectionViewCell.swift; sourceTree = "<group>"; };
		ECCF703A2881A6110022CBB4 /* Person.swift */ = {isa = PBXFileReference; lastKnownFileType = sourcecode.swift; path = Person.swift; sourceTree = "<group>"; };
		ECEB121728815A9900063FDB /* People.app */ = {isa = PBXFileReference; explicitFileType = wrapper.application; includeInIndex = 0; path = People.app; sourceTree = BUILT_PRODUCTS_DIR; };
		ECEB121A28815A9900063FDB /* AppDelegate.swift */ = {isa = PBXFileReference; lastKnownFileType = sourcecode.swift; path = AppDelegate.swift; sourceTree = "<group>"; };
		ECEB121C28815A9900063FDB /* SceneDelegate.swift */ = {isa = PBXFileReference; lastKnownFileType = sourcecode.swift; path = SceneDelegate.swift; sourceTree = "<group>"; };
		ECEB121E28815A9900063FDB /* ViewController.swift */ = {isa = PBXFileReference; lastKnownFileType = sourcecode.swift; path = ViewController.swift; sourceTree = "<group>"; };
		ECEB122128815A9900063FDB /* Base */ = {isa = PBXFileReference; lastKnownFileType = file.storyboard; name = Base; path = Base.lproj/Main.storyboard; sourceTree = "<group>"; };
		ECEB122328815A9E00063FDB /* Assets.xcassets */ = {isa = PBXFileReference; lastKnownFileType = folder.assetcatalog; path = Assets.xcassets; sourceTree = "<group>"; };
		ECEB122628815A9E00063FDB /* Base */ = {isa = PBXFileReference; lastKnownFileType = file.storyboard; name = Base; path = Base.lproj/LaunchScreen.storyboard; sourceTree = "<group>"; };
		ECEB122828815A9E00063FDB /* Info.plist */ = {isa = PBXFileReference; lastKnownFileType = text.plist.xml; path = Info.plist; sourceTree = "<group>"; };
/* End PBXFileReference section */

/* Begin PBXFrameworksBuildPhase section */
		ECEB121428815A9900063FDB /* Frameworks */ = {
			isa = PBXFrameworksBuildPhase;
			buildActionMask = 2147483647;
			files = (
				CB8B7E38D7465A3D2FAE5BAE /* Pods_People.framework in Frameworks */,
			);
			runOnlyForDeploymentPostprocessing = 0;
		};
/* End PBXFrameworksBuildPhase section */

/* Begin PBXGroup section */
		DB6E0690AE93F35F3AE3DD5C /* Frameworks */ = {
			isa = PBXGroup;
			children = (
				D62448212D88A6BFEC22D91F /* Pods_People.framework */,
			);
			name = Frameworks;
			sourceTree = "<group>";
		};
		E7F7B179717DF366723ED2DE /* Pods */ = {
			isa = PBXGroup;
			children = (
				1C974EE1D8F7DDEB318943CB /* Pods-People.debug.xcconfig */,
				4EA8E22B65B3C23DB70C1165 /* Pods-People.release.xcconfig */,
			);
			path = Pods;
			sourceTree = "<group>";
		};
		ECEB120E28815A9900063FDB = {
			isa = PBXGroup;
			children = (
				ECEB121928815A9900063FDB /* People */,
				ECEB121828815A9900063FDB /* Products */,
				E7F7B179717DF366723ED2DE /* Pods */,
				DB6E0690AE93F35F3AE3DD5C /* Frameworks */,
			);
			sourceTree = "<group>";
		};
		ECEB121828815A9900063FDB /* Products */ = {
			isa = PBXGroup;
			children = (
				ECEB121728815A9900063FDB /* People.app */,
			);
			name = Products;
			sourceTree = "<group>";
		};
		ECEB121928815A9900063FDB /* People */ = {
			isa = PBXGroup;
			children = (
				EC9660782883FEF5000BD96D /* InfoScreenViewController.swift */,
				ECEB121A28815A9900063FDB /* AppDelegate.swift */,
				ECEB121C28815A9900063FDB /* SceneDelegate.swift */,
				ECEB121E28815A9900063FDB /* ViewController.swift */,
				ECCF703A2881A6110022CBB4 /* Person.swift */,
				ECEB122028815A9900063FDB /* Main.storyboard */,
				ECBFC69E28816710003D0B3D /* PersonUICollectionViewCell.swift */,
				ECEB122328815A9E00063FDB /* Assets.xcassets */,
				ECEB122528815A9E00063FDB /* LaunchScreen.storyboard */,
				ECEB122828815A9E00063FDB /* Info.plist */,
			);
			path = People;
			sourceTree = "<group>";
		};
/* End PBXGroup section */

/* Begin PBXNativeTarget section */
		ECEB121628815A9900063FDB /* People */ = {
			isa = PBXNativeTarget;
			buildConfigurationList = ECEB122B28815A9E00063FDB /* Build configuration list for PBXNativeTarget "People" */;
			buildPhases = (
				4BAEAE6B5E825C8AAC7D8FC4 /* [CP] Check Pods Manifest.lock */,
				ECEB121328815A9900063FDB /* Sources */,
				ECEB121428815A9900063FDB /* Frameworks */,
				ECEB121528815A9900063FDB /* Resources */,
				11078A4B8203C6D16DA1038B /* [CP] Embed Pods Frameworks */,
			);
			buildRules = (
			);
			dependencies = (
			);
			name = People;
			productName = NamesToFaces;
			productReference = ECEB121728815A9900063FDB /* People.app */;
			productType = "com.apple.product-type.application";
		};
/* End PBXNativeTarget section */

/* Begin PBXProject section */
		ECEB120F28815A9900063FDB /* Project object */ = {
			isa = PBXProject;
			attributes = {
				BuildIndependentTargetsInParallel = 1;
				LastSwiftUpdateCheck = 1400;
				LastUpgradeCheck = 1400;
				TargetAttributes = {
					ECEB121628815A9900063FDB = {
						CreatedOnToolsVersion = 14.0;
					};
				};
			};
			buildConfigurationList = ECEB121228815A9900063FDB /* Build configuration list for PBXProject "People" */;
			compatibilityVersion = "Xcode 14.0";
			developmentRegion = en;
			hasScannedForEncodings = 0;
			knownRegions = (
				en,
				Base,
			);
			mainGroup = ECEB120E28815A9900063FDB;
			productRefGroup = ECEB121828815A9900063FDB /* Products */;
			projectDirPath = "";
			projectRoot = "";
			targets = (
				ECEB121628815A9900063FDB /* People */,
			);
		};
/* End PBXProject section */

/* Begin PBXResourcesBuildPhase section */
		ECEB121528815A9900063FDB /* Resources */ = {
			isa = PBXResourcesBuildPhase;
			buildActionMask = 2147483647;
			files = (
				ECEB122728815A9E00063FDB /* LaunchScreen.storyboard in Resources */,
				ECEB122428815A9E00063FDB /* Assets.xcassets in Resources */,
				ECEB122228815A9900063FDB /* Main.storyboard in Resources */,
			);
			runOnlyForDeploymentPostprocessing = 0;
		};
/* End PBXResourcesBuildPhase section */

/* Begin PBXShellScriptBuildPhase section */
		11078A4B8203C6D16DA1038B /* [CP] Embed Pods Frameworks */ = {
			isa = PBXShellScriptBuildPhase;
			buildActionMask = 2147483647;
			files = (
			);
			inputFileListPaths = (
				"${PODS_ROOT}/Target Support Files/Pods-People/Pods-People-frameworks-${CONFIGURATION}-input-files.xcfilelist",
			);
			name = "[CP] Embed Pods Frameworks";
			outputFileListPaths = (
				"${PODS_ROOT}/Target Support Files/Pods-People/Pods-People-frameworks-${CONFIGURATION}-output-files.xcfilelist",
			);
			runOnlyForDeploymentPostprocessing = 0;
			shellPath = /bin/sh;
			shellScript = "\"${PODS_ROOT}/Target Support Files/Pods-People/Pods-People-frameworks.sh\"\n";
			showEnvVarsInLog = 0;
		};
		4BAEAE6B5E825C8AAC7D8FC4 /* [CP] Check Pods Manifest.lock */ = {
			isa = PBXShellScriptBuildPhase;
			buildActionMask = 2147483647;
			files = (
			);
			inputFileListPaths = (
			);
			inputPaths = (
				"${PODS_PODFILE_DIR_PATH}/Podfile.lock",
				"${PODS_ROOT}/Manifest.lock",
			);
			name = "[CP] Check Pods Manifest.lock";
			outputFileListPaths = (
			);
			outputPaths = (
				"$(DERIVED_FILE_DIR)/Pods-People-checkManifestLockResult.txt",
			);
			runOnlyForDeploymentPostprocessing = 0;
			shellPath = /bin/sh;
			shellScript = "diff \"${PODS_PODFILE_DIR_PATH}/Podfile.lock\" \"${PODS_ROOT}/Manifest.lock\" > /dev/null\nif [ $? != 0 ] ; then\n    # print error to STDERR\n    echo \"error: The sandbox is not in sync with the Podfile.lock. Run 'pod install' or update your CocoaPods installation.\" >&2\n    exit 1\nfi\n# This output is used by Xcode 'outputs' to avoid re-running this script phase.\necho \"SUCCESS\" > \"${SCRIPT_OUTPUT_FILE_0}\"\n";
			showEnvVarsInLog = 0;
		};
/* End PBXShellScriptBuildPhase section */

/* Begin PBXSourcesBuildPhase section */
		ECEB121328815A9900063FDB /* Sources */ = {
			isa = PBXSourcesBuildPhase;
			buildActionMask = 2147483647;
			files = (
				ECCF703B2881A6110022CBB4 /* Person.swift in Sources */,
				ECEB121F28815A9900063FDB /* ViewController.swift in Sources */,
				EC9660792883FEF5000BD96D /* InfoScreenViewController.swift in Sources */,
				ECEB121B28815A9900063FDB /* AppDelegate.swift in Sources */,
				ECBFC69F28816710003D0B3D /* PersonUICollectionViewCell.swift in Sources */,
				ECEB121D28815A9900063FDB /* SceneDelegate.swift in Sources */,
			);
			runOnlyForDeploymentPostprocessing = 0;
		};
/* End PBXSourcesBuildPhase section */

/* Begin PBXVariantGroup section */
		ECEB122028815A9900063FDB /* Main.storyboard */ = {
			isa = PBXVariantGroup;
			children = (
				ECEB122128815A9900063FDB /* Base */,
			);
			name = Main.storyboard;
			sourceTree = "<group>";
		};
		ECEB122528815A9E00063FDB /* LaunchScreen.storyboard */ = {
			isa = PBXVariantGroup;
			children = (
				ECEB122628815A9E00063FDB /* Base */,
			);
			name = LaunchScreen.storyboard;
			sourceTree = "<group>";
		};
/* End PBXVariantGroup section */

/* Begin XCBuildConfiguration section */
		ECEB122928815A9E00063FDB /* Debug */ = {
			isa = XCBuildConfiguration;
			buildSettings = {
				ALWAYS_SEARCH_USER_PATHS = NO;
				CLANG_ANALYZER_NONNULL = YES;
				CLANG_ANALYZER_NUMBER_OBJECT_CONVERSION = YES_AGGRESSIVE;
				CLANG_CXX_LANGUAGE_STANDARD = "gnu++17";
				CLANG_ENABLE_MODULES = YES;
				CLANG_ENABLE_OBJC_ARC = YES;
				CLANG_ENABLE_OBJC_WEAK = YES;
				CLANG_WARN_BLOCK_CAPTURE_AUTORELEASING = YES;
				CLANG_WARN_BOOL_CONVERSION = YES;
				CLANG_WARN_COMMA = YES;
				CLANG_WARN_CONSTANT_CONVERSION = YES;
				CLANG_WARN_DEPRECATED_OBJC_IMPLEMENTATIONS = YES;
				CLANG_WARN_DIRECT_OBJC_ISA_USAGE = YES_ERROR;
				CLANG_WARN_DOCUMENTATION_COMMENTS = YES;
				CLANG_WARN_EMPTY_BODY = YES;
				CLANG_WARN_ENUM_CONVERSION = YES;
				CLANG_WARN_INFINITE_RECURSION = YES;
				CLANG_WARN_INT_CONVERSION = YES;
				CLANG_WARN_NON_LITERAL_NULL_CONVERSION = YES;
				CLANG_WARN_OBJC_IMPLICIT_RETAIN_SELF = YES;
				CLANG_WARN_OBJC_LITERAL_CONVERSION = YES;
				CLANG_WARN_OBJC_ROOT_CLASS = YES_ERROR;
				CLANG_WARN_QUOTED_INCLUDE_IN_FRAMEWORK_HEADER = YES;
				CLANG_WARN_RANGE_LOOP_ANALYSIS = YES;
				CLANG_WARN_STRICT_PROTOTYPES = YES;
				CLANG_WARN_SUSPICIOUS_MOVE = YES;
				CLANG_WARN_UNGUARDED_AVAILABILITY = YES_AGGRESSIVE;
				CLANG_WARN_UNREACHABLE_CODE = YES;
				CLANG_WARN__DUPLICATE_METHOD_MATCH = YES;
				COPY_PHASE_STRIP = NO;
				DEBUG_INFORMATION_FORMAT = dwarf;
				ENABLE_STRICT_OBJC_MSGSEND = YES;
				ENABLE_TESTABILITY = YES;
				GCC_C_LANGUAGE_STANDARD = gnu11;
				GCC_DYNAMIC_NO_PIC = NO;
				GCC_NO_COMMON_BLOCKS = YES;
				GCC_OPTIMIZATION_LEVEL = 0;
				GCC_PREPROCESSOR_DEFINITIONS = (
					"DEBUG=1",
					"$(inherited)",
				);
				GCC_WARN_64_TO_32_BIT_CONVERSION = YES;
				GCC_WARN_ABOUT_RETURN_TYPE = YES_ERROR;
				GCC_WARN_UNDECLARED_SELECTOR = YES;
				GCC_WARN_UNINITIALIZED_AUTOS = YES_AGGRESSIVE;
				GCC_WARN_UNUSED_FUNCTION = YES;
				GCC_WARN_UNUSED_VARIABLE = YES;
				IPHONEOS_DEPLOYMENT_TARGET = 16.0;
				MTL_ENABLE_DEBUG_INFO = INCLUDE_SOURCE;
				MTL_FAST_MATH = YES;
				ONLY_ACTIVE_ARCH = YES;
				SDKROOT = iphoneos;
				SWIFT_ACTIVE_COMPILATION_CONDITIONS = DEBUG;
				SWIFT_OPTIMIZATION_LEVEL = "-Onone";
			};
			name = Debug;
		};
		ECEB122A28815A9E00063FDB /* Release */ = {
			isa = XCBuildConfiguration;
			buildSettings = {
				ALWAYS_SEARCH_USER_PATHS = NO;
				CLANG_ANALYZER_NONNULL = YES;
				CLANG_ANALYZER_NUMBER_OBJECT_CONVERSION = YES_AGGRESSIVE;
				CLANG_CXX_LANGUAGE_STANDARD = "gnu++17";
				CLANG_ENABLE_MODULES = YES;
				CLANG_ENABLE_OBJC_ARC = YES;
				CLANG_ENABLE_OBJC_WEAK = YES;
				CLANG_WARN_BLOCK_CAPTURE_AUTORELEASING = YES;
				CLANG_WARN_BOOL_CONVERSION = YES;
				CLANG_WARN_COMMA = YES;
				CLANG_WARN_CONSTANT_CONVERSION = YES;
				CLANG_WARN_DEPRECATED_OBJC_IMPLEMENTATIONS = YES;
				CLANG_WARN_DIRECT_OBJC_ISA_USAGE = YES_ERROR;
				CLANG_WARN_DOCUMENTATION_COMMENTS = YES;
				CLANG_WARN_EMPTY_BODY = YES;
				CLANG_WARN_ENUM_CONVERSION = YES;
				CLANG_WARN_INFINITE_RECURSION = YES;
				CLANG_WARN_INT_CONVERSION = YES;
				CLANG_WARN_NON_LITERAL_NULL_CONVERSION = YES;
				CLANG_WARN_OBJC_IMPLICIT_RETAIN_SELF = YES;
				CLANG_WARN_OBJC_LITERAL_CONVERSION = YES;
				CLANG_WARN_OBJC_ROOT_CLASS = YES_ERROR;
				CLANG_WARN_QUOTED_INCLUDE_IN_FRAMEWORK_HEADER = YES;
				CLANG_WARN_RANGE_LOOP_ANALYSIS = YES;
				CLANG_WARN_STRICT_PROTOTYPES = YES;
				CLANG_WARN_SUSPICIOUS_MOVE = YES;
				CLANG_WARN_UNGUARDED_AVAILABILITY = YES_AGGRESSIVE;
				CLANG_WARN_UNREACHABLE_CODE = YES;
				CLANG_WARN__DUPLICATE_METHOD_MATCH = YES;
				COPY_PHASE_STRIP = NO;
				DEBUG_INFORMATION_FORMAT = "dwarf-with-dsym";
				ENABLE_NS_ASSERTIONS = NO;
				ENABLE_STRICT_OBJC_MSGSEND = YES;
				GCC_C_LANGUAGE_STANDARD = gnu11;
				GCC_NO_COMMON_BLOCKS = YES;
				GCC_WARN_64_TO_32_BIT_CONVERSION = YES;
				GCC_WARN_ABOUT_RETURN_TYPE = YES_ERROR;
				GCC_WARN_UNDECLARED_SELECTOR = YES;
				GCC_WARN_UNINITIALIZED_AUTOS = YES_AGGRESSIVE;
				GCC_WARN_UNUSED_FUNCTION = YES;
				GCC_WARN_UNUSED_VARIABLE = YES;
				IPHONEOS_DEPLOYMENT_TARGET = 16.0;
				MTL_ENABLE_DEBUG_INFO = NO;
				MTL_FAST_MATH = YES;
				SDKROOT = iphoneos;
				SWIFT_COMPILATION_MODE = wholemodule;
				SWIFT_OPTIMIZATION_LEVEL = "-O";
				VALIDATE_PRODUCT = YES;
			};
			name = Release;
		};
		ECEB122C28815A9E00063FDB /* Debug */ = {
			isa = XCBuildConfiguration;
			baseConfigurationReference = 1C974EE1D8F7DDEB318943CB /* Pods-People.debug.xcconfig */;
			buildSettings = {
				ASSETCATALOG_COMPILER_APPICON_NAME = AppIcon;
				ASSETCATALOG_COMPILER_GLOBAL_ACCENT_COLOR_NAME = AccentColor;
				CODE_SIGN_STYLE = Automatic;
				CURRENT_PROJECT_VERSION = 1;
				DEVELOPMENT_TEAM = FVTKG328P4;
				GENERATE_INFOPLIST_FILE = YES;
				INFOPLIST_FILE = People/Info.plist;
				INFOPLIST_KEY_NSPhotoLibraryUsageDescription = "This app requires photo library access in order to retrieve and add photos to profiles.";
				INFOPLIST_KEY_UIApplicationSupportsIndirectInputEvents = YES;
				INFOPLIST_KEY_UILaunchStoryboardName = LaunchScreen;
				INFOPLIST_KEY_UIMainStoryboardFile = Main;
				INFOPLIST_KEY_UIRequiresFullScreen = NO;
				INFOPLIST_KEY_UISupportedInterfaceOrientations = UIInterfaceOrientationPortrait;
				INFOPLIST_KEY_UISupportedInterfaceOrientations_iPad = "UIInterfaceOrientationLandscapeLeft UIInterfaceOrientationLandscapeRight UIInterfaceOrientationPortraitUpsideDown";
				LD_RUNPATH_SEARCH_PATHS = (
					"$(inherited)",
					"@executable_path/Frameworks",
				);
				MARKETING_VERSION = 1.0;
				PRODUCT_BUNDLE_IDENTIFIER = me.HuyBui.People;
				PRODUCT_NAME = "$(TARGET_NAME)";
				SWIFT_EMIT_LOC_STRINGS = YES;
				SWIFT_VERSION = 5.0;
				TARGETED_DEVICE_FAMILY = "1,2";
			};
			name = Debug;
		};
		ECEB122D28815A9E00063FDB /* Release */ = {
			isa = XCBuildConfiguration;
			baseConfigurationReference = 4EA8E22B65B3C23DB70C1165 /* Pods-People.release.xcconfig */;
			buildSettings = {
				ASSETCATALOG_COMPILER_APPICON_NAME = AppIcon;
				ASSETCATALOG_COMPILER_GLOBAL_ACCENT_COLOR_NAME = AccentColor;
				CODE_SIGN_STYLE = Automatic;
				CURRENT_PROJECT_VERSION = 1;
				DEVELOPMENT_TEAM = FVTKG328P4;
				GENERATE_INFOPLIST_FILE = YES;
				INFOPLIST_FILE = People/Info.plist;
				INFOPLIST_KEY_NSPhotoLibraryUsageDescription = "This app requires photo library access in order to retrieve and add photos to profiles.";
				INFOPLIST_KEY_UIApplicationSupportsIndirectInputEvents = YES;
				INFOPLIST_KEY_UILaunchStoryboardName = LaunchScreen;
				INFOPLIST_KEY_UIMainStoryboardFile = Main;
				INFOPLIST_KEY_UIRequiresFullScreen = NO;
				INFOPLIST_KEY_UISupportedInterfaceOrientations = UIInterfaceOrientationPortrait;
				INFOPLIST_KEY_UISupportedInterfaceOrientations_iPad = "UIInterfaceOrientationLandscapeLeft UIInterfaceOrientationLandscapeRight UIInterfaceOrientationPortraitUpsideDown";
				LD_RUNPATH_SEARCH_PATHS = (
					"$(inherited)",
					"@executable_path/Frameworks",
				);
				MARKETING_VERSION = 1.0;
				PRODUCT_BUNDLE_IDENTIFIER = me.HuyBui.People;
				PRODUCT_NAME = "$(TARGET_NAME)";
				SWIFT_EMIT_LOC_STRINGS = YES;
				SWIFT_VERSION = 5.0;
				TARGETED_DEVICE_FAMILY = "1,2";
			};
			name = Release;
		};
/* End XCBuildConfiguration section */

/* Begin XCConfigurationList section */
		ECEB121228815A9900063FDB /* Build configuration list for PBXProject "People" */ = {
			isa = XCConfigurationList;
			buildConfigurations = (
				ECEB122928815A9E00063FDB /* Debug */,
				ECEB122A28815A9E00063FDB /* Release */,
			);
			defaultConfigurationIsVisible = 0;
			defaultConfigurationName = Release;
		};
		ECEB122B28815A9E00063FDB /* Build configuration list for PBXNativeTarget "People" */ = {
			isa = XCConfigurationList;
			buildConfigurations = (
				ECEB122C28815A9E00063FDB /* Debug */,
				ECEB122D28815A9E00063FDB /* Release */,
			);
			defaultConfigurationIsVisible = 0;
			defaultConfigurationName = Release;
		};
/* End XCConfigurationList section */
	};
	rootObject = ECEB120F28815A9900063FDB /* Project object */;
}
